
Microsoft Visual Studio Solution File, Format Version 12.00
# Visual Studio Version 16
VisualStudioVersion = 16.0.29519.87
MinimumVisualStudioVersion = 10.0.40219.1
Project("{FAE04EC0-301F-11D3-BF4B-00C04F79EFBC}") = "2048_AI_BoardGameAssignment", "2048_AI_BoardGameAssignment\2048_AI_BoardGameAssignment.csproj", "{36B7506D-D3F4-44BA-8BBD-B3A6A816870C}"
EndProject
Global
	GlobalSection(SolutionConfigurationPlatforms) = preSolution
		Debug|Any CPU = Debug|Any CPU
		Release|Any CPU = Release|Any CPU
	EndGlobalSection
	GlobalSection(ProjectConfigurationPlatforms) = postSolution
		{36B7506D-D3F4-44BA-8BBD-B3A6A816870C}.Debug|Any CPU.ActiveCfg = Debug|Any CPU
		{36B7506D-D3F4-44BA-8BBD-B3A6A816870C}.Debug|Any CPU.Build.0 = Debug|Any CPU
		{36B7506D-D3F4-44BA-8BBD-B3A6A816870C}.Release|Any CPU.ActiveCfg = Release|Any CPU
		{36B7506D-D3F4-44BA-8BBD-B3A6A816870C}.Release|Any CPU.Build.0 = Release|Any CPU
	EndGlobalSection
	GlobalSection(SolutionProperties) = preSolution
		HideSolutionNode = FALSE
	EndGlobalSection
	GlobalSection(ExtensibilityGlobals) = postSolution
		SolutionGuid = {CC39B8A6-FD8A-4360-BC55-5DEC5DC9CA8E}
	EndGlobalSection
EndGlobal
